
Microsoft Visual Studio Solution File, Format Version 12.00
# Visual Studio Version 17
VisualStudioVersion = 17.13.35825.156 d17.13
MinimumVisualStudioVersion = 10.0.40219.1
Project("{FAE04EC0-301F-11D3-BF4B-00C04F79EFBC}") = "Anjo.Android.ARGear", "Anjo.Android.ARGear\Anjo.Android.ARGear.csproj", "{05CDEB37-EDB8-42CF-89F8-5EB1BDC9D1F0}"
EndProject
Global
	GlobalSection(SolutionConfigurationPlatforms) = preSolution
		Debug|Any CPU = Debug|Any CPU
		Release|Any CPU = Release|Any CPU
	EndGlobalSection
	GlobalSection(ProjectConfigurationPlatforms) = postSolution
		{05CDEB37-EDB8-42CF-89F8-5EB1BDC9D1F0}.Debug|Any CPU.ActiveCfg = Debug|Any CPU
		{05CDEB37-EDB8-42CF-89F8-5EB1BDC9D1F0}.Debug|Any CPU.Build.0 = Debug|Any CPU
		{05CDEB37-EDB8-42CF-89F8-5EB1BDC9D1F0}.Release|Any CPU.ActiveCfg = Release|Any CPU
		{05CDEB37-EDB8-42CF-89F8-5EB1BDC9D1F0}.Release|Any CPU.Build.0 = Release|Any CPU
	EndGlobalSection
	GlobalSection(SolutionProperties) = preSolution
		HideSolutionNode = FALSE
	EndGlobalSection
	GlobalSection(ExtensibilityGlobals) = postSolution
		SolutionGuid = {F5D433B4-A184-4A28-A3D2-D5516B717916}
	EndGlobalSection
EndGlobal
